
Microsoft Visual Studio Solution File, Format Version 12.00
# Visual Studio 15
VisualStudioVersion = 15.0.28307.329
MinimumVisualStudioVersion = 10.0.40219.1
Project("{FAE04EC0-301F-11D3-BF4B-00C04F79EFBC}") = "BenchMark", "BenchMark\BenchMark.csproj", "{043DFF1B-A394-4404-9838-4E36C6D81402}"
EndProject
Global
	GlobalSection(SolutionConfigurationPlatforms) = preSolution
		Debug|Any CPU = Debug|Any CPU
		Release|Any CPU = Release|Any CPU
	EndGlobalSection
	GlobalSection(ProjectConfigurationPlatforms) = postSolution
		{043DFF1B-A394-4404-9838-4E36C6D81402}.Debug|Any CPU.ActiveCfg = Debug|Any CPU
		{043DFF1B-A394-4404-9838-4E36C6D81402}.Debug|Any CPU.Build.0 = Debug|Any CPU
		{043DFF1B-A394-4404-9838-4E36C6D81402}.Release|Any CPU.ActiveCfg = Release|Any CPU
		{043DFF1B-A394-4404-9838-4E36C6D81402}.Release|Any CPU.Build.0 = Release|Any CPU
	EndGlobalSection
	GlobalSection(SolutionProperties) = preSolution
		HideSolutionNode = FALSE
	EndGlobalSection
	GlobalSection(ExtensibilityGlobals) = postSolution
		SolutionGuid = {717E7E62-D734-4DBD-B3CE-5A5C16ED2E89}
	EndGlobalSection
EndGlobal
